
Microsoft Visual Studio Solution File, Format Version 12.00
# Visual Studio 2013
VisualStudioVersion = 12.0.30501.0
MinimumVisualStudioVersion = 10.0.40219.1
Project("{FAE04EC0-301F-11D3-BF4B-00C04F79EFBC}") = "ToBeImplemented.Domain.Model", "Domain\ToBeImplemented.Domain.Model\ToBeImplemented.Domain.Model.csproj", "{360F03E7-7C3B-41E1-BA57-7223681833CB}"
EndProject
Project("{2150E333-8FDC-42A3-9474-1A3956D46DE8}") = "Domain", "Domain", "{15158D31-6070-4DAE-9B92-78226FA97B7B}"
EndProject
Project("{2150E333-8FDC-42A3-9474-1A3956D46DE8}") = "Infrastructure", "Infrastructure", "{B62A9401-C920-43F8-A795-E96B45362AD0}"
EndProject
Project("{FAE04EC0-301F-11D3-BF4B-00C04F79EFBC}") = "ToBeImplemented.Infrastructure.EFContext", "Infrastructure\ToBeImplemented.Infrastructure.EFContext\ToBeImplemented.Infrastructure.EFContext.csproj", "{184B37C5-7F6E-4DD0-98A0-81B75390A405}"
EndProject
Project("{FAE04EC0-301F-11D3-BF4B-00C04F79EFBC}") = "ToBeImplemented.Infrastructure.Repository", "Infrastructure\ToBeImplemented.Infrastructure.Repository\ToBeImplemented.Infrastructure.Repository.csproj", "{CDB7FB28-C97B-4D6E-870C-B07E5BFD6BB6}"
EndProject
Project("{2150E333-8FDC-42A3-9474-1A3956D46DE8}") = "Service", "Service", "{69CF5C1E-3B49-4986-A72C-5AB99A2B1498}"
EndProject
Project("{2150E333-8FDC-42A3-9474-1A3956D46DE8}") = "Business", "Business", "{8F78015B-2A21-45CE-94CF-35E05E94B7A6}"
EndProject
Project("{2150E333-8FDC-42A3-9474-1A3956D46DE8}") = "Application", "Application", "{FDC9479C-BD23-4D2A-9676-D4F7E5145B43}"
EndProject
Project("{2150E333-8FDC-42A3-9474-1A3956D46DE8}") = "Test", "Test", "{F46DDDC9-8765-4DE0-BDC0-BE8856F8921C}"
EndProject
Project("{FAE04EC0-301F-11D3-BF4B-00C04F79EFBC}") = "ToBeImplemented.Service.Interfaces", "Service\ToBeImplemented.Service.Interfaces\ToBeImplemented.Service.Interfaces.csproj", "{806DEA7A-BBD3-4597-9052-5C3913DE2A16}"
EndProject
Project("{FAE04EC0-301F-11D3-BF4B-00C04F79EFBC}") = "ToBeImplemented.Service.Implementations", "Service\ToBeImplemented.Service.Implementations\ToBeImplemented.Service.Implementations.csproj", "{93BF2DF2-7D34-4164-9A78-6F81487E1CF1}"
EndProject
Project("{FAE04EC0-301F-11D3-BF4B-00C04F79EFBC}") = "ToBeImplemented.Service.Implementations.Tests", "test\ToBeImplemented.Service.Implementations.Tests\ToBeImplemented.Service.Implementations.Tests.csproj", "{3EA47B3F-7DE4-4253-BCFF-41ADCA7FAA94}"
EndProject
Project("{FAE04EC0-301F-11D3-BF4B-00C04F79EFBC}") = "ToBeImplemented.Tests.ObjectMothers", "test\ToBeImplemented.Tests.ObjectMothers\ToBeImplemented.Tests.ObjectMothers.csproj", "{7738151A-346C-432C-9E99-CCB202D88CB7}"
EndProject
Project("{FAE04EC0-301F-11D3-BF4B-00C04F79EFBC}") = "ToBeImplemented.Infrastructure.Repository.Tests", "test\ToBeImplemented.Infrastructure.Repository.Tests\ToBeImplemented.Infrastructure.Repository.Tests.csproj", "{91B50B56-939B-4E8D-8419-13C2AD3E4751}"
EndProject
Project("{FAE04EC0-301F-11D3-BF4B-00C04F79EFBC}") = "ToBeImplemented.Domain.ViewModel", "domain\ToBeImplemented.Domain.ViewModel\ToBeImplemented.Domain.ViewModel.csproj", "{E240383F-0C66-41EA-A2BD-847C7A51D6F7}"
EndProject
Project("{FAE04EC0-301F-11D3-BF4B-00C04F79EFBC}") = "ToBeImplemented.Business.Implementations.Tests", "Test\ToBeImplemented.Business.Implementations.Tests\ToBeImplemented.Business.Implementations.Tests.csproj", "{4E4A4B7D-4F0F-4CA1-81E1-AABA321B27A2}"
EndProject
Project("{FAE04EC0-301F-11D3-BF4B-00C04F79EFBC}") = "ToBeImplemented.Business.Implementations", "Business\ToBeImplemented.Business.Implementations\ToBeImplemented.Business.Implementations.csproj", "{20E46D57-C6B9-4658-9765-86290F62804D}"
EndProject
Project("{FAE04EC0-301F-11D3-BF4B-00C04F79EFBC}") = "ToBeImplemented.Business.Interfaces", "Business\ToBeImplemented.Business.Interfaces\ToBeImplemented.Business.Interfaces.csproj", "{A5A75736-8C6A-4D09-B4C3-398C68C8FA99}"
EndProject
Project("{FAE04EC0-301F-11D3-BF4B-00C04F79EFBC}") = "ToBeImplemented.Business.Mapper", "business\ToBeImplemented.Business.Mapper\ToBeImplemented.Business.Mapper.csproj", "{74E4090B-A7A8-4ECD-8B2E-A32382718F96}"
EndProject
Project("{FAE04EC0-301F-11D3-BF4B-00C04F79EFBC}") = "ToBeImplemented.Business.Mapper.Tests", "test\ToBeImplemented.Business.Mapper.Tests\ToBeImplemented.Business.Mapper.Tests.csproj", "{7CB8E14F-C462-4615-A855-A33D4B6717F6}"
EndProject
Project("{FAE04EC0-301F-11D3-BF4B-00C04F79EFBC}") = "ToBeImplemented.Application.Web", "Application\ToBeImplemented.Application.Web\ToBeImplemented.Application.Web.csproj", "{0BC587D6-B545-46A6-88E3-FB2EF756DA50}"
EndProject
Project("{FAE04EC0-301F-11D3-BF4B-00C04F79EFBC}") = "ToBeImplemented.Application.TbiDependencyResolver.Tests", "test\ToBeImplemented.Application.TbiDependencyResolver.Tests\ToBeImplemented.Application.TbiDependencyResolver.Tests.csproj", "{FC95EA85-6563-4D61-9869-253C7C3CE482}"
EndProject
Project("{FAE04EC0-301F-11D3-BF4B-00C04F79EFBC}") = "ToBeImplemented.Application.Web.TbiDependencyResolver", "Application\ToBeImplemented.Application.Web.TbiDependencyResolver\ToBeImplemented.Application.Web.TbiDependencyResolver.csproj", "{D56133AF-3FC6-4EE8-A9AD-8D6F022179ED}"
EndProject
Project("{2150E333-8FDC-42A3-9474-1A3956D46DE8}") = "MVC", "MVC", "{5DBF6BFD-B63A-4120-80E9-C47CFDE25CBB}"
EndProject
Project("{2150E333-8FDC-42A3-9474-1A3956D46DE8}") = "API", "API", "{6EC397CB-723D-4E74-9FA3-87C88C498C5E}"
EndProject
Project("{FAE04EC0-301F-11D3-BF4B-00C04F79EFBC}") = "ToBeImplemented.Application.Api", "Application\ToBeImplemented.Application.Api\ToBeImplemented.Application.Api.csproj", "{9C583811-BE67-42D8-B946-50F84DA1FF0E}"
EndProject
Project("{2150E333-8FDC-42A3-9474-1A3956D46DE8}") = "WPF", "WPF", "{9AB80591-F68D-43D8-BCB5-477596129621}"
EndProject
Project("{FAE04EC0-301F-11D3-BF4B-00C04F79EFBC}") = "ToBeImplemented.Application.Wpf", "Application\ToBeImplemented.Application.Wpf\ToBeImplemented.Application.Wpf.csproj", "{376F9B70-7252-464F-8A24-1BAF52E94B80}"
EndProject
Global
	GlobalSection(SolutionConfigurationPlatforms) = preSolution
		Debug|Any CPU = Debug|Any CPU
		Release|Any CPU = Release|Any CPU
	EndGlobalSection
	GlobalSection(ProjectConfigurationPlatforms) = postSolution
		{360F03E7-7C3B-41E1-BA57-7223681833CB}.Debug|Any CPU.ActiveCfg = Debug|Any CPU
		{360F03E7-7C3B-41E1-BA57-7223681833CB}.Debug|Any CPU.Build.0 = Debug|Any CPU
		{360F03E7-7C3B-41E1-BA57-7223681833CB}.Release|Any CPU.ActiveCfg = Release|Any CPU
		{360F03E7-7C3B-41E1-BA57-7223681833CB}.Release|Any CPU.Build.0 = Release|Any CPU
		{184B37C5-7F6E-4DD0-98A0-81B75390A405}.Debug|Any CPU.ActiveCfg = Debug|Any CPU
		{184B37C5-7F6E-4DD0-98A0-81B75390A405}.Debug|Any CPU.Build.0 = Debug|Any CPU
		{184B37C5-7F6E-4DD0-98A0-81B75390A405}.Release|Any CPU.ActiveCfg = Release|Any CPU
		{184B37C5-7F6E-4DD0-98A0-81B75390A405}.Release|Any CPU.Build.0 = Release|Any CPU
		{CDB7FB28-C97B-4D6E-870C-B07E5BFD6BB6}.Debug|Any CPU.ActiveCfg = Debug|Any CPU
		{CDB7FB28-C97B-4D6E-870C-B07E5BFD6BB6}.Debug|Any CPU.Build.0 = Debug|Any CPU
		{CDB7FB28-C97B-4D6E-870C-B07E5BFD6BB6}.Release|Any CPU.ActiveCfg = Release|Any CPU
		{CDB7FB28-C97B-4D6E-870C-B07E5BFD6BB6}.Release|Any CPU.Build.0 = Release|Any CPU
		{806DEA7A-BBD3-4597-9052-5C3913DE2A16}.Debug|Any CPU.ActiveCfg = Debug|Any CPU
		{806DEA7A-BBD3-4597-9052-5C3913DE2A16}.Debug|Any CPU.Build.0 = Debug|Any CPU
		{806DEA7A-BBD3-4597-9052-5C3913DE2A16}.Release|Any CPU.ActiveCfg = Release|Any CPU
		{806DEA7A-BBD3-4597-9052-5C3913DE2A16}.Release|Any CPU.Build.0 = Release|Any CPU
		{93BF2DF2-7D34-4164-9A78-6F81487E1CF1}.Debug|Any CPU.ActiveCfg = Debug|Any CPU
		{93BF2DF2-7D34-4164-9A78-6F81487E1CF1}.Debug|Any CPU.Build.0 = Debug|Any CPU
		{93BF2DF2-7D34-4164-9A78-6F81487E1CF1}.Release|Any CPU.ActiveCfg = Release|Any CPU
		{93BF2DF2-7D34-4164-9A78-6F81487E1CF1}.Release|Any CPU.Build.0 = Release|Any CPU
		{3EA47B3F-7DE4-4253-BCFF-41ADCA7FAA94}.Debug|Any CPU.ActiveCfg = Debug|Any CPU
		{3EA47B3F-7DE4-4253-BCFF-41ADCA7FAA94}.Debug|Any CPU.Build.0 = Debug|Any CPU
		{3EA47B3F-7DE4-4253-BCFF-41ADCA7FAA94}.Release|Any CPU.ActiveCfg = Release|Any CPU
		{3EA47B3F-7DE4-4253-BCFF-41ADCA7FAA94}.Release|Any CPU.Build.0 = Release|Any CPU
		{7738151A-346C-432C-9E99-CCB202D88CB7}.Debug|Any CPU.ActiveCfg = Debug|Any CPU
		{7738151A-346C-432C-9E99-CCB202D88CB7}.Debug|Any CPU.Build.0 = Debug|Any CPU
		{7738151A-346C-432C-9E99-CCB202D88CB7}.Release|Any CPU.ActiveCfg = Release|Any CPU
		{7738151A-346C-432C-9E99-CCB202D88CB7}.Release|Any CPU.Build.0 = Release|Any CPU
		{91B50B56-939B-4E8D-8419-13C2AD3E4751}.Debug|Any CPU.ActiveCfg = Debug|Any CPU
		{91B50B56-939B-4E8D-8419-13C2AD3E4751}.Debug|Any CPU.Build.0 = Debug|Any CPU
		{91B50B56-939B-4E8D-8419-13C2AD3E4751}.Release|Any CPU.ActiveCfg = Release|Any CPU
		{91B50B56-939B-4E8D-8419-13C2AD3E4751}.Release|Any CPU.Build.0 = Release|Any CPU
		{E240383F-0C66-41EA-A2BD-847C7A51D6F7}.Debug|Any CPU.ActiveCfg = Debug|Any CPU
		{E240383F-0C66-41EA-A2BD-847C7A51D6F7}.Debug|Any CPU.Build.0 = Debug|Any CPU
		{E240383F-0C66-41EA-A2BD-847C7A51D6F7}.Release|Any CPU.ActiveCfg = Release|Any CPU
		{E240383F-0C66-41EA-A2BD-847C7A51D6F7}.Release|Any CPU.Build.0 = Release|Any CPU
		{4E4A4B7D-4F0F-4CA1-81E1-AABA321B27A2}.Debug|Any CPU.ActiveCfg = Debug|Any CPU
		{4E4A4B7D-4F0F-4CA1-81E1-AABA321B27A2}.Debug|Any CPU.Build.0 = Debug|Any CPU
		{4E4A4B7D-4F0F-4CA1-81E1-AABA321B27A2}.Release|Any CPU.ActiveCfg = Release|Any CPU
		{4E4A4B7D-4F0F-4CA1-81E1-AABA321B27A2}.Release|Any CPU.Build.0 = Release|Any CPU
		{20E46D57-C6B9-4658-9765-86290F62804D}.Debug|Any CPU.ActiveCfg = Debug|Any CPU
		{20E46D57-C6B9-4658-9765-86290F62804D}.Debug|Any CPU.Build.0 = Debug|Any CPU
		{20E46D57-C6B9-4658-9765-86290F62804D}.Release|Any CPU.ActiveCfg = Release|Any CPU
		{20E46D57-C6B9-4658-9765-86290F62804D}.Release|Any CPU.Build.0 = Release|Any CPU
		{A5A75736-8C6A-4D09-B4C3-398C68C8FA99}.Debug|Any CPU.ActiveCfg = Debug|Any CPU
		{A5A75736-8C6A-4D09-B4C3-398C68C8FA99}.Debug|Any CPU.Build.0 = Debug|Any CPU
		{A5A75736-8C6A-4D09-B4C3-398C68C8FA99}.Release|Any CPU.ActiveCfg = Release|Any CPU
		{A5A75736-8C6A-4D09-B4C3-398C68C8FA99}.Release|Any CPU.Build.0 = Release|Any CPU
		{74E4090B-A7A8-4ECD-8B2E-A32382718F96}.Debug|Any CPU.ActiveCfg = Debug|Any CPU
		{74E4090B-A7A8-4ECD-8B2E-A32382718F96}.Debug|Any CPU.Build.0 = Debug|Any CPU
		{74E4090B-A7A8-4ECD-8B2E-A32382718F96}.Release|Any CPU.ActiveCfg = Release|Any CPU
		{74E4090B-A7A8-4ECD-8B2E-A32382718F96}.Release|Any CPU.Build.0 = Release|Any CPU
		{7CB8E14F-C462-4615-A855-A33D4B6717F6}.Debug|Any CPU.ActiveCfg = Debug|Any CPU
		{7CB8E14F-C462-4615-A855-A33D4B6717F6}.Debug|Any CPU.Build.0 = Debug|Any CPU
		{7CB8E14F-C462-4615-A855-A33D4B6717F6}.Release|Any CPU.ActiveCfg = Release|Any CPU
		{7CB8E14F-C462-4615-A855-A33D4B6717F6}.Release|Any CPU.Build.0 = Release|Any CPU
		{0BC587D6-B545-46A6-88E3-FB2EF756DA50}.Debug|Any CPU.ActiveCfg = Debug|Any CPU
		{0BC587D6-B545-46A6-88E3-FB2EF756DA50}.Debug|Any CPU.Build.0 = Debug|Any CPU
		{0BC587D6-B545-46A6-88E3-FB2EF756DA50}.Release|Any CPU.ActiveCfg = Release|Any CPU
		{0BC587D6-B545-46A6-88E3-FB2EF756DA50}.Release|Any CPU.Build.0 = Release|Any CPU
		{FC95EA85-6563-4D61-9869-253C7C3CE482}.Debug|Any CPU.ActiveCfg = Debug|Any CPU
		{FC95EA85-6563-4D61-9869-253C7C3CE482}.Debug|Any CPU.Build.0 = Debug|Any CPU
		{FC95EA85-6563-4D61-9869-253C7C3CE482}.Release|Any CPU.ActiveCfg = Release|Any CPU
		{FC95EA85-6563-4D61-9869-253C7C3CE482}.Release|Any CPU.Build.0 = Release|Any CPU
		{D56133AF-3FC6-4EE8-A9AD-8D6F022179ED}.Debug|Any CPU.ActiveCfg = Debug|Any CPU
		{D56133AF-3FC6-4EE8-A9AD-8D6F022179ED}.Debug|Any CPU.Build.0 = Debug|Any CPU
		{D56133AF-3FC6-4EE8-A9AD-8D6F022179ED}.Release|Any CPU.ActiveCfg = Release|Any CPU
		{D56133AF-3FC6-4EE8-A9AD-8D6F022179ED}.Release|Any CPU.Build.0 = Release|Any CPU
		{9C583811-BE67-42D8-B946-50F84DA1FF0E}.Debug|Any CPU.ActiveCfg = Debug|Any CPU
		{9C583811-BE67-42D8-B946-50F84DA1FF0E}.Debug|Any CPU.Build.0 = Debug|Any CPU
		{9C583811-BE67-42D8-B946-50F84DA1FF0E}.Release|Any CPU.ActiveCfg = Release|Any CPU
		{9C583811-BE67-42D8-B946-50F84DA1FF0E}.Release|Any CPU.Build.0 = Release|Any CPU
		{376F9B70-7252-464F-8A24-1BAF52E94B80}.Debug|Any CPU.ActiveCfg = Debug|Any CPU
		{376F9B70-7252-464F-8A24-1BAF52E94B80}.Debug|Any CPU.Build.0 = Debug|Any CPU
		{376F9B70-7252-464F-8A24-1BAF52E94B80}.Release|Any CPU.ActiveCfg = Release|Any CPU
		{376F9B70-7252-464F-8A24-1BAF52E94B80}.Release|Any CPU.Build.0 = Release|Any CPU
	EndGlobalSection
	GlobalSection(SolutionProperties) = preSolution
		HideSolutionNode = FALSE
	EndGlobalSection
	GlobalSection(NestedProjects) = preSolution
		{360F03E7-7C3B-41E1-BA57-7223681833CB} = {15158D31-6070-4DAE-9B92-78226FA97B7B}
		{184B37C5-7F6E-4DD0-98A0-81B75390A405} = {B62A9401-C920-43F8-A795-E96B45362AD0}
		{CDB7FB28-C97B-4D6E-870C-B07E5BFD6BB6} = {B62A9401-C920-43F8-A795-E96B45362AD0}
		{806DEA7A-BBD3-4597-9052-5C3913DE2A16} = {69CF5C1E-3B49-4986-A72C-5AB99A2B1498}
		{93BF2DF2-7D34-4164-9A78-6F81487E1CF1} = {69CF5C1E-3B49-4986-A72C-5AB99A2B1498}
		{3EA47B3F-7DE4-4253-BCFF-41ADCA7FAA94} = {F46DDDC9-8765-4DE0-BDC0-BE8856F8921C}
		{7738151A-346C-432C-9E99-CCB202D88CB7} = {F46DDDC9-8765-4DE0-BDC0-BE8856F8921C}
		{91B50B56-939B-4E8D-8419-13C2AD3E4751} = {F46DDDC9-8765-4DE0-BDC0-BE8856F8921C}
		{E240383F-0C66-41EA-A2BD-847C7A51D6F7} = {15158D31-6070-4DAE-9B92-78226FA97B7B}
		{4E4A4B7D-4F0F-4CA1-81E1-AABA321B27A2} = {F46DDDC9-8765-4DE0-BDC0-BE8856F8921C}
		{20E46D57-C6B9-4658-9765-86290F62804D} = {8F78015B-2A21-45CE-94CF-35E05E94B7A6}
		{A5A75736-8C6A-4D09-B4C3-398C68C8FA99} = {8F78015B-2A21-45CE-94CF-35E05E94B7A6}
		{74E4090B-A7A8-4ECD-8B2E-A32382718F96} = {8F78015B-2A21-45CE-94CF-35E05E94B7A6}
		{7CB8E14F-C462-4615-A855-A33D4B6717F6} = {F46DDDC9-8765-4DE0-BDC0-BE8856F8921C}
		{0BC587D6-B545-46A6-88E3-FB2EF756DA50} = {5DBF6BFD-B63A-4120-80E9-C47CFDE25CBB}
		{FC95EA85-6563-4D61-9869-253C7C3CE482} = {F46DDDC9-8765-4DE0-BDC0-BE8856F8921C}
		{D56133AF-3FC6-4EE8-A9AD-8D6F022179ED} = {5DBF6BFD-B63A-4120-80E9-C47CFDE25CBB}
		{5DBF6BFD-B63A-4120-80E9-C47CFDE25CBB} = {FDC9479C-BD23-4D2A-9676-D4F7E5145B43}
		{6EC397CB-723D-4E74-9FA3-87C88C498C5E} = {FDC9479C-BD23-4D2A-9676-D4F7E5145B43}
		{9C583811-BE67-42D8-B946-50F84DA1FF0E} = {6EC397CB-723D-4E74-9FA3-87C88C498C5E}
		{9AB80591-F68D-43D8-BCB5-477596129621} = {FDC9479C-BD23-4D2A-9676-D4F7E5145B43}
		{376F9B70-7252-464F-8A24-1BAF52E94B80} = {9AB80591-F68D-43D8-BCB5-477596129621}
	EndGlobalSection
EndGlobal
